
Microsoft Visual Studio Solution File, Format Version 12.00
# Visual Studio Version 17
VisualStudioVersion = 17.4.33403.182
MinimumVisualStudioVersion = 10.0.40219.1
Project("{8BC9CEB8-8B4A-11D0-8D11-00A0C91BC942}") = "lab6a", "lab6a\lab6a.vcxproj", "{75ED908C-F1DD-43D1-85D2-074BC5C2B193}"
EndProject
Global
	GlobalSection(SolutionConfigurationPlatforms) = preSolution
		Debug|x64 = Debug|x64
		Debug|x86 = Debug|x86
		Release|x64 = Release|x64
		Release|x86 = Release|x86
	EndGlobalSection
	GlobalSection(ProjectConfigurationPlatforms) = postSolution
		{75ED908C-F1DD-43D1-85D2-074BC5C2B193}.Debug|x64.ActiveCfg = Debug|x64
		{75ED908C-F1DD-43D1-85D2-074BC5C2B193}.Debug|x64.Build.0 = Debug|x64
		{75ED908C-F1DD-43D1-85D2-074BC5C2B193}.Debug|x86.ActiveCfg = Debug|Win32
		{75ED908C-F1DD-43D1-85D2-074BC5C2B193}.Debug|x86.Build.0 = Debug|Win32
		{75ED908C-F1DD-43D1-85D2-074BC5C2B193}.Release|x64.ActiveCfg = Release|x64
		{75ED908C-F1DD-43D1-85D2-074BC5C2B193}.Release|x64.Build.0 = Release|x64
		{75ED908C-F1DD-43D1-85D2-074BC5C2B193}.Release|x86.ActiveCfg = Release|Win32
		{75ED908C-F1DD-43D1-85D2-074BC5C2B193}.Release|x86.Build.0 = Release|Win32
	EndGlobalSection
	GlobalSection(SolutionProperties) = preSolution
		HideSolutionNode = FALSE
	EndGlobalSection
	GlobalSection(ExtensibilityGlobals) = postSolution
		SolutionGuid = {4A7D2425-0397-495C-BA16-452B2E24C349}
	EndGlobalSection
EndGlobal
