
Microsoft Visual Studio Solution File, Format Version 12.00
# Visual Studio Version 17
VisualStudioVersion = 17.4.33403.182
MinimumVisualStudioVersion = 10.0.40219.1
Project("{8BC9CEB8-8B4A-11D0-8D11-00A0C91BC942}") = "lab5", "lab5\lab5.vcxproj", "{0A2B37F8-0FE1-4C8C-8A3D-3F3B81D8206E}"
EndProject
Global
	GlobalSection(SolutionConfigurationPlatforms) = preSolution
		Debug|x64 = Debug|x64
		Debug|x86 = Debug|x86
		Release|x64 = Release|x64
		Release|x86 = Release|x86
	EndGlobalSection
	GlobalSection(ProjectConfigurationPlatforms) = postSolution
		{0A2B37F8-0FE1-4C8C-8A3D-3F3B81D8206E}.Debug|x64.ActiveCfg = Debug|x64
		{0A2B37F8-0FE1-4C8C-8A3D-3F3B81D8206E}.Debug|x64.Build.0 = Debug|x64
		{0A2B37F8-0FE1-4C8C-8A3D-3F3B81D8206E}.Debug|x86.ActiveCfg = Debug|Win32
		{0A2B37F8-0FE1-4C8C-8A3D-3F3B81D8206E}.Debug|x86.Build.0 = Debug|Win32
		{0A2B37F8-0FE1-4C8C-8A3D-3F3B81D8206E}.Release|x64.ActiveCfg = Release|x64
		{0A2B37F8-0FE1-4C8C-8A3D-3F3B81D8206E}.Release|x64.Build.0 = Release|x64
		{0A2B37F8-0FE1-4C8C-8A3D-3F3B81D8206E}.Release|x86.ActiveCfg = Release|Win32
		{0A2B37F8-0FE1-4C8C-8A3D-3F3B81D8206E}.Release|x86.Build.0 = Release|Win32
	EndGlobalSection
	GlobalSection(SolutionProperties) = preSolution
		HideSolutionNode = FALSE
	EndGlobalSection
	GlobalSection(ExtensibilityGlobals) = postSolution
		SolutionGuid = {C0B71F99-0F17-4978-9602-578F425460A3}
	EndGlobalSection
EndGlobal
