<?xml version="1.0" encoding="utf-8"?>
<Project ToolsVersion="4.0" xmlns="http://schemas.microsoft.com/developer/msbuild/2003">
  <ItemGroup>
    <Filter Include="Source Files">
      <UniqueIdentifier>{4FC737F1-C7A5-4376-A066-2A32D752A2FF}</UniqueIdentifier>
      <Extensions>cpp;c;cc;cxx;c++;cppm;ixx;def;odl;idl;hpj;bat;asm;asmx</Extensions>
    </Filter>
    <Filter Include="Header Files">
      <UniqueIdentifier>{93995380-89BD-4b04-88EB-625FBE52EBFB}</UniqueIdentifier>
      <Extensions>h;hh;hpp;hxx;h++;hm;inl;inc;ipp;xsd</Extensions>
    </Filter>
    <Filter Include="Resource Files">
      <UniqueIdentifier>{67DA6AB6-F800-4c08-8B7A-83BB121AAD01}</UniqueIdentifier>
      <Extensions>rc;ico;cur;bmp;dlg;rc2;rct;bin;rgs;gif;jpg;jpeg;jpe;resx;tiff;tif;png;wav;mfcribbon-ms</Extensions>
    </Filter>
  </ItemGroup>
  <ItemGroup>
    <ClCompile Include="bunny.cpp">
      <Filter>Source Files</Filter>
    </ClCompile>
    <ClCompile Include="..\..\..\bunny\bunny_new\calNormals.cpp">
      <Filter>Source Files</Filter>
    </ClCompile>
    <ClCompile Include="..\..\..\bunny\bunny_new\parser.cpp">
      <Filter>Source Files</Filter>
    </ClCompile>
    <ClCompile Include="..\..\include\glad\glad.c">
      <Filter>Source Files</Filter>
    </ClCompile>
  </ItemGroup>
  <ItemGroup>
    <None Include="..\..\..\bunny\bunny_new\bunny_normal.ply2">
      <Filter>Source Files</Filter>
    </None>
    <None Include="..\..\..\bunny\bunny_new\lamp.fs">
      <Filter>Source Files</Filter>
    </None>
    <None Include="..\..\..\bunny\bunny_new\lamp.vs">
      <Filter>Source Files</Filter>
    </None>
    <None Include="..\..\..\bunny\bunny_new\Makefile">
      <Filter>Source Files</Filter>
    </None>
    <None Include="..\..\..\bunny\bunny_new\memo.sh">
      <Filter>Source Files</Filter>
    </None>
    <None Include="..\..\..\bunny\bunny_new\select.fs">
      <Filter>Source Files</Filter>
    </None>
    <None Include="..\..\..\bunny\bunny_new\select.vs">
      <Filter>Source Files</Filter>
    </None>
    <None Include="..\..\..\bunny\bunny_new\bunny">
      <Filter>Source Files</Filter>
    </None>
    <None Include="..\..\..\bunny\bunny_new\bunny.fs">
      <Filter>Source Files</Filter>
    </None>
    <None Include="..\..\..\bunny\bunny_new\bunny.vs">
      <Filter>Source Files</Filter>
    </None>
    <None Include="..\..\..\bunny\bunny_new\bunny_iH.ply2">
      <Filter>Source Files</Filter>
    </None>
  </ItemGroup>
  <ItemGroup>
    <Text Include="..\..\..\bunny\bunny_new\gain.txt">
      <Filter>Source Files</Filter>
    </Text>
    <Text Include="..\..\..\bunny\bunny_new\practical_requirements.txt">
      <Filter>Source Files</Filter>
    </Text>
  </ItemGroup>
  <ItemGroup>
    <Image Include="..\..\..\bunny\bunny_new\overview.png">
      <Filter>Source Files</Filter>
    </Image>
    <Image Include="..\..\..\bunny\bunny_new\selectPoint.png">
      <Filter>Source Files</Filter>
    </Image>
    <Image Include="..\..\..\bunny\bunny_new\terminal.png">
      <Filter>Source Files</Filter>
    </Image>
  </ItemGroup>
  <ItemGroup>
    <ClInclude Include="..\..\..\bunny\bunny_new\parser.h">
      <Filter>Source Files</Filter>
    </ClInclude>
  </ItemGroup>
</Project>